
Microsoft Visual Studio Solution File, Format Version 12.00
# Visual Studio Version 17
VisualStudioVersion = 17.2.32505.173
MinimumVisualStudioVersion = 10.0.40219.1
Project("{9A19103F-16F7-4668-BE54-9A1E7A4F7556}") = "Rental.Api", "Rental.Api\Rental.Api.csproj", "{3F003947-20AA-421B-860E-878D3724EF24}"
EndProject
Project("{9A19103F-16F7-4668-BE54-9A1E7A4F7556}") = "Rental.Data", "Rental.Data\Rental.Data.csproj", "{7A871162-E6D5-427C-A523-A2D024DD3D16}"
EndProject
Project("{9A19103F-16F7-4668-BE54-9A1E7A4F7556}") = "Rental.Tests", "Rental.Tests\Rental.Tests.csproj", "{6D191480-A7F2-4606-95B2-D74A74943B45}"
EndProject
Global
	GlobalSection(SolutionConfigurationPlatforms) = preSolution
		Debug|Any CPU = Debug|Any CPU
		Release|Any CPU = Release|Any CPU
	EndGlobalSection
	GlobalSection(ProjectConfigurationPlatforms) = postSolution
		{3F003947-20AA-421B-860E-878D3724EF24}.Debug|Any CPU.ActiveCfg = Debug|Any CPU
		{3F003947-20AA-421B-860E-878D3724EF24}.Debug|Any CPU.Build.0 = Debug|Any CPU
		{3F003947-20AA-421B-860E-878D3724EF24}.Release|Any CPU.ActiveCfg = Release|Any CPU
		{3F003947-20AA-421B-860E-878D3724EF24}.Release|Any CPU.Build.0 = Release|Any CPU
		{7A871162-E6D5-427C-A523-A2D024DD3D16}.Debug|Any CPU.ActiveCfg = Debug|Any CPU
		{7A871162-E6D5-427C-A523-A2D024DD3D16}.Debug|Any CPU.Build.0 = Debug|Any CPU
		{7A871162-E6D5-427C-A523-A2D024DD3D16}.Release|Any CPU.ActiveCfg = Release|Any CPU
		{7A871162-E6D5-427C-A523-A2D024DD3D16}.Release|Any CPU.Build.0 = Release|Any CPU
		{6D191480-A7F2-4606-95B2-D74A74943B45}.Debug|Any CPU.ActiveCfg = Debug|Any CPU
		{6D191480-A7F2-4606-95B2-D74A74943B45}.Debug|Any CPU.Build.0 = Debug|Any CPU
		{6D191480-A7F2-4606-95B2-D74A74943B45}.Release|Any CPU.ActiveCfg = Release|Any CPU
		{6D191480-A7F2-4606-95B2-D74A74943B45}.Release|Any CPU.Build.0 = Release|Any CPU
	EndGlobalSection
	GlobalSection(SolutionProperties) = preSolution
		HideSolutionNode = FALSE
	EndGlobalSection
	GlobalSection(ExtensibilityGlobals) = postSolution
		SolutionGuid = {AD47B9CF-4D31-4A08-B39C-FE2BC9DE6FCD}
	EndGlobalSection
EndGlobal
